// !$*UTF8*$!
{
	archiveVersion = 1;
	classes = {
	};
	objectVersion = 77;
	objects = {

/* Begin PBXBuildFile section */
		2BD1DA642D07B5100003F07E /* README.md in Resources */ = {isa = PBXBuildFile; fileRef = 2BD1DA632D07B50C0003F07E /* README.md */; };
		2BDDFE972D0733B800215564 /* WidgetKit.framework in Frameworks */ = {isa = PBXBuildFile; fileRef = 2BDDFE962D0733B700215564 /* WidgetKit.framework */; };
		2BDDFE992D0733B800215564 /* SwiftUI.framework in Frameworks */ = {isa = PBXBuildFile; fileRef = 2BDDFE982D0733B800215564 /* SwiftUI.framework */; };
		2BDDFEA72D0733B900215564 /* ShortcutsWidgetExtension.appex in Embed Foundation Extensions */ = {isa = PBXBuildFile; fileRef = 2BDDFE942D0733B700215564 /* ShortcutsWidgetExtension.appex */; settings = {ATTRIBUTES = (RemoveHeadersOnCopy, ); }; };
		2BDDFEB22D0792EB00215564 /* .swiftformat in Resources */ = {isa = PBXBuildFile; fileRef = 2BDDFEB12D0792E800215564 /* .swiftformat */; };
		2BDDFEB42D0793AE00215564 /* .swift-version in Resources */ = {isa = PBXBuildFile; fileRef = 2BDDFEB32D0793AC00215564 /* .swift-version */; };
/* End PBXBuildFile section */

/* Begin PBXContainerItemProxy section */
		2BDDFEA52D0733B900215564 /* PBXContainerItemProxy */ = {
			isa = PBXContainerItemProxy;
			containerPortal = 2BDDFE762D0733A400215564 /* Project object */;
			proxyType = 1;
			remoteGlobalIDString = 2BDDFE932D0733B700215564;
			remoteInfo = ShortcutsWidgetExtension;
		};
/* End PBXContainerItemProxy section */

/* Begin PBXCopyFilesBuildPhase section */
		2BDDFEAC2D0733B900215564 /* Embed Foundation Extensions */ = {
			isa = PBXCopyFilesBuildPhase;
			buildActionMask = 2147483647;
			dstPath = "";
			dstSubfolderSpec = 13;
			files = (
				2BDDFEA72D0733B900215564 /* ShortcutsWidgetExtension.appex in Embed Foundation Extensions */,
			);
			name = "Embed Foundation Extensions";
			runOnlyForDeploymentPostprocessing = 0;
		};
/* End PBXCopyFilesBuildPhase section */

/* Begin PBXFileReference section */
		2BD1DA632D07B50C0003F07E /* README.md */ = {isa = PBXFileReference; lastKnownFileType = net.daringfireball.markdown; path = README.md; sourceTree = "<group>"; };
		2BD1DA652D07B5FC0003F07E /* SCR-20241210-dclh.jpeg */ = {isa = PBXFileReference; lastKnownFileType = image.jpeg; path = "SCR-20241210-dclh.jpeg"; sourceTree = "<group>"; };
		2BDDFE7E2D0733A400215564 /* Shortcuts.app */ = {isa = PBXFileReference; explicitFileType = wrapper.application; includeInIndex = 0; path = Shortcuts.app; sourceTree = BUILT_PRODUCTS_DIR; };
		2BDDFE942D0733B700215564 /* ShortcutsWidgetExtension.appex */ = {isa = PBXFileReference; explicitFileType = "wrapper.app-extension"; includeInIndex = 0; path = ShortcutsWidgetExtension.appex; sourceTree = BUILT_PRODUCTS_DIR; };
		2BDDFE962D0733B700215564 /* WidgetKit.framework */ = {isa = PBXFileReference; lastKnownFileType = wrapper.framework; name = WidgetKit.framework; path = System/Library/Frameworks/WidgetKit.framework; sourceTree = SDKROOT; };
		2BDDFE982D0733B800215564 /* SwiftUI.framework */ = {isa = PBXFileReference; lastKnownFileType = wrapper.framework; name = SwiftUI.framework; path = System/Library/Frameworks/SwiftUI.framework; sourceTree = SDKROOT; };
		2BDDFEB12D0792E800215564 /* .swiftformat */ = {isa = PBXFileReference; lastKnownFileType = text; path = .swiftformat; sourceTree = "<group>"; };
		2BDDFEB32D0793AC00215564 /* .swift-version */ = {isa = PBXFileReference; lastKnownFileType = text; path = ".swift-version"; sourceTree = "<group>"; };
/* End PBXFileReference section */

/* Begin PBXFileSystemSynchronizedBuildFileExceptionSet section */
		2BDDFEA82D0733B900215564 /* Exceptions for "ShortcutsWidget" folder in "ShortcutsWidgetExtension" target */ = {
			isa = PBXFileSystemSynchronizedBuildFileExceptionSet;
			membershipExceptions = (
				Info.plist,
			);
			target = 2BDDFE932D0733B700215564 /* ShortcutsWidgetExtension */;
		};
/* End PBXFileSystemSynchronizedBuildFileExceptionSet section */

/* Begin PBXFileSystemSynchronizedRootGroup section */
		2BDDFE802D0733A400215564 /* Shortcuts */ = {
			isa = PBXFileSystemSynchronizedRootGroup;
			path = Shortcuts;
			sourceTree = "<group>";
		};
		2BDDFE9A2D0733B800215564 /* ShortcutsWidget */ = {
			isa = PBXFileSystemSynchronizedRootGroup;
			exceptions = (
				2BDDFEA82D0733B900215564 /* Exceptions for "ShortcutsWidget" folder in "ShortcutsWidgetExtension" target */,
			);
			path = ShortcutsWidget;
			sourceTree = "<group>";
		};
/* End PBXFileSystemSynchronizedRootGroup section */

/* Begin PBXFrameworksBuildPhase section */
		2BDDFE7B2D0733A400215564 /* Frameworks */ = {
			isa = PBXFrameworksBuildPhase;
			buildActionMask = 2147483647;
			files = (
			);
			runOnlyForDeploymentPostprocessing = 0;
		};
		2BDDFE912D0733B700215564 /* Frameworks */ = {
			isa = PBXFrameworksBuildPhase;
			buildActionMask = 2147483647;
			files = (
				2BDDFE992D0733B800215564 /* SwiftUI.framework in Frameworks */,
				2BDDFE972D0733B800215564 /* WidgetKit.framework in Frameworks */,
			);
			runOnlyForDeploymentPostprocessing = 0;
		};
/* End PBXFrameworksBuildPhase section */

/* Begin PBXGroup section */
		2BDDFE752D0733A400215564 = {
			isa = PBXGroup;
			children = (
				2BD1DA632D07B50C0003F07E /* README.md */,
				2BD1DA652D07B5FC0003F07E /* SCR-20241210-dclh.jpeg */,
				2BDDFEB32D0793AC00215564 /* .swift-version */,
				2BDDFEB12D0792E800215564 /* .swiftformat */,
				2BDDFE802D0733A400215564 /* Shortcuts */,
				2BDDFE9A2D0733B800215564 /* ShortcutsWidget */,
				2BDDFE952D0733B700215564 /* Frameworks */,
				2BDDFE7F2D0733A400215564 /* Products */,
			);
			sourceTree = "<group>";
		};
		2BDDFE7F2D0733A400215564 /* Products */ = {
			isa = PBXGroup;
			children = (
				2BDDFE7E2D0733A400215564 /* Shortcuts.app */,
				2BDDFE942D0733B700215564 /* ShortcutsWidgetExtension.appex */,
			);
			name = Products;
			sourceTree = "<group>";
		};
		2BDDFE952D0733B700215564 /* Frameworks */ = {
			isa = PBXGroup;
			children = (
				2BDDFE962D0733B700215564 /* WidgetKit.framework */,
				2BDDFE982D0733B800215564 /* SwiftUI.framework */,
			);
			name = Frameworks;
			sourceTree = "<group>";
		};
/* End PBXGroup section */

/* Begin PBXNativeTarget section */
		2BDDFE7D2D0733A400215564 /* Shortcuts */ = {
			isa = PBXNativeTarget;
			buildConfigurationList = 2BDDFE8D2D0733A500215564 /* Build configuration list for PBXNativeTarget "Shortcuts" */;
			buildPhases = (
				2BDDFE7A2D0733A400215564 /* Sources */,
				2BDDFE7B2D0733A400215564 /* Frameworks */,
				2BDDFE7C2D0733A400215564 /* Resources */,
				2BDDFEAC2D0733B900215564 /* Embed Foundation Extensions */,
			);
			buildRules = (
			);
			dependencies = (
				2BDDFEA62D0733B900215564 /* PBXTargetDependency */,
			);
			fileSystemSynchronizedGroups = (
				2BDDFE802D0733A400215564 /* Shortcuts */,
			);
			name = Shortcuts;
			packageProductDependencies = (
			);
			productName = Shortcuts;
			productReference = 2BDDFE7E2D0733A400215564 /* Shortcuts.app */;
			productType = "com.apple.product-type.application";
		};
		2BDDFE932D0733B700215564 /* ShortcutsWidgetExtension */ = {
			isa = PBXNativeTarget;
			buildConfigurationList = 2BDDFEA92D0733B900215564 /* Build configuration list for PBXNativeTarget "ShortcutsWidgetExtension" */;
			buildPhases = (
				2BDDFE902D0733B700215564 /* Sources */,
				2BDDFE912D0733B700215564 /* Frameworks */,
				2BDDFE922D0733B700215564 /* Resources */,
			);
			buildRules = (
			);
			dependencies = (
			);
			fileSystemSynchronizedGroups = (
				2BDDFE9A2D0733B800215564 /* ShortcutsWidget */,
			);
			name = ShortcutsWidgetExtension;
			packageProductDependencies = (
			);
			productName = ShortcutsWidgetExtension;
			productReference = 2BDDFE942D0733B700215564 /* ShortcutsWidgetExtension.appex */;
			productType = "com.apple.product-type.app-extension";
		};
/* End PBXNativeTarget section */

/* Begin PBXProject section */
		2BDDFE762D0733A400215564 /* Project object */ = {
			isa = PBXProject;
			attributes = {
				BuildIndependentTargetsInParallel = 1;
				LastSwiftUpdateCheck = 1600;
				LastUpgradeCheck = 1600;
				TargetAttributes = {
					2BDDFE7D2D0733A400215564 = {
						CreatedOnToolsVersion = 16.0;
					};
					2BDDFE932D0733B700215564 = {
						CreatedOnToolsVersion = 16.0;
					};
				};
			};
			buildConfigurationList = 2BDDFE792D0733A400215564 /* Build configuration list for PBXProject "Shortcuts" */;
			developmentRegion = en;
			hasScannedForEncodings = 0;
			knownRegions = (
				en,
				Base,
			);
			mainGroup = 2BDDFE752D0733A400215564;
			minimizedProjectReferenceProxies = 1;
			preferredProjectObjectVersion = 77;
			productRefGroup = 2BDDFE7F2D0733A400215564 /* Products */;
			projectDirPath = "";
			projectRoot = "";
			targets = (
				2BDDFE7D2D0733A400215564 /* Shortcuts */,
				2BDDFE932D0733B700215564 /* ShortcutsWidgetExtension */,
			);
		};
/* End PBXProject section */

/* Begin PBXResourcesBuildPhase section */
		2BDDFE7C2D0733A400215564 /* Resources */ = {
			isa = PBXResourcesBuildPhase;
			buildActionMask = 2147483647;
			files = (
				2BDDFEB42D0793AE00215564 /* .swift-version in Resources */,
				2BDDFEB22D0792EB00215564 /* .swiftformat in Resources */,
				2BD1DA642D07B5100003F07E /* README.md in Resources */,
			);
			runOnlyForDeploymentPostprocessing = 0;
		};
		2BDDFE922D0733B700215564 /* Resources */ = {
			isa = PBXResourcesBuildPhase;
			buildActionMask = 2147483647;
			files = (
			);
			runOnlyForDeploymentPostprocessing = 0;
		};
/* End PBXResourcesBuildPhase section */

/* Begin PBXSourcesBuildPhase section */
		2BDDFE7A2D0733A400215564 /* Sources */ = {
			isa = PBXSourcesBuildPhase;
			buildActionMask = 2147483647;
			files = (
			);
			runOnlyForDeploymentPostprocessing = 0;
		};
		2BDDFE902D0733B700215564 /* Sources */ = {
			isa = PBXSourcesBuildPhase;
			buildActionMask = 2147483647;
			files = (
			);
			runOnlyForDeploymentPostprocessing = 0;
		};
/* End PBXSourcesBuildPhase section */

/* Begin PBXTargetDependency section */
		2BDDFEA62D0733B900215564 /* PBXTargetDependency */ = {
			isa = PBXTargetDependency;
			target = 2BDDFE932D0733B700215564 /* ShortcutsWidgetExtension */;
			targetProxy = 2BDDFEA52D0733B900215564 /* PBXContainerItemProxy */;
		};
/* End PBXTargetDependency section */

/* Begin XCBuildConfiguration section */
		2BDDFE8B2D0733A500215564 /* Debug */ = {
			isa = XCBuildConfiguration;
			buildSettings = {
				ALWAYS_SEARCH_USER_PATHS = NO;
				ASSETCATALOG_COMPILER_GENERATE_SWIFT_ASSET_SYMBOL_EXTENSIONS = YES;
				CLANG_ANALYZER_NONNULL = YES;
				CLANG_ANALYZER_NUMBER_OBJECT_CONVERSION = YES_AGGRESSIVE;
				CLANG_CXX_LANGUAGE_STANDARD = "gnu++20";
				CLANG_ENABLE_MODULES = YES;
				CLANG_ENABLE_OBJC_ARC = YES;
				CLANG_ENABLE_OBJC_WEAK = YES;
				CLANG_WARN_BLOCK_CAPTURE_AUTORELEASING = YES;
				CLANG_WARN_BOOL_CONVERSION = YES;
				CLANG_WARN_COMMA = YES;
				CLANG_WARN_CONSTANT_CONVERSION = YES;
				CLANG_WARN_DEPRECATED_OBJC_IMPLEMENTATIONS = YES;
				CLANG_WARN_DIRECT_OBJC_ISA_USAGE = YES_ERROR;
				CLANG_WARN_DOCUMENTATION_COMMENTS = YES;
				CLANG_WARN_EMPTY_BODY = YES;
				CLANG_WARN_ENUM_CONVERSION = YES;
				CLANG_WARN_INFINITE_RECURSION = YES;
				CLANG_WARN_INT_CONVERSION = YES;
				CLANG_WARN_NON_LITERAL_NULL_CONVERSION = YES;
				CLANG_WARN_OBJC_IMPLICIT_RETAIN_SELF = YES;
				CLANG_WARN_OBJC_LITERAL_CONVERSION = YES;
				CLANG_WARN_OBJC_ROOT_CLASS = YES_ERROR;
				CLANG_WARN_QUOTED_INCLUDE_IN_FRAMEWORK_HEADER = YES;
				CLANG_WARN_RANGE_LOOP_ANALYSIS = YES;
				CLANG_WARN_STRICT_PROTOTYPES = YES;
				CLANG_WARN_SUSPICIOUS_MOVE = YES;
				CLANG_WARN_UNGUARDED_AVAILABILITY = YES_AGGRESSIVE;
				CLANG_WARN_UNREACHABLE_CODE = YES;
				CLANG_WARN__DUPLICATE_METHOD_MATCH = YES;
				COPY_PHASE_STRIP = NO;
				DEBUG_INFORMATION_FORMAT = dwarf;
				ENABLE_STRICT_OBJC_MSGSEND = YES;
				ENABLE_TESTABILITY = YES;
				ENABLE_USER_SCRIPT_SANDBOXING = YES;
				GCC_C_LANGUAGE_STANDARD = gnu17;
				GCC_DYNAMIC_NO_PIC = NO;
				GCC_NO_COMMON_BLOCKS = YES;
				GCC_OPTIMIZATION_LEVEL = 0;
				GCC_PREPROCESSOR_DEFINITIONS = (
					"DEBUG=1",
					"$(inherited)",
				);
				GCC_WARN_64_TO_32_BIT_CONVERSION = YES;
				GCC_WARN_ABOUT_RETURN_TYPE = YES_ERROR;
				GCC_WARN_UNDECLARED_SELECTOR = YES;
				GCC_WARN_UNINITIALIZED_AUTOS = YES_AGGRESSIVE;
				GCC_WARN_UNUSED_FUNCTION = YES;
				GCC_WARN_UNUSED_VARIABLE = YES;
				LOCALIZATION_PREFERS_STRING_CATALOGS = YES;
				MACOSX_DEPLOYMENT_TARGET = 15.0;
				MTL_ENABLE_DEBUG_INFO = INCLUDE_SOURCE;
				MTL_FAST_MATH = YES;
				ONLY_ACTIVE_ARCH = YES;
				SDKROOT = macosx;
				SWIFT_ACTIVE_COMPILATION_CONDITIONS = "DEBUG $(inherited)";
				SWIFT_OPTIMIZATION_LEVEL = "-Onone";
			};
			name = Debug;
		};
		2BDDFE8C2D0733A500215564 /* Release */ = {
			isa = XCBuildConfiguration;
			buildSettings = {
				ALWAYS_SEARCH_USER_PATHS = NO;
				ASSETCATALOG_COMPILER_GENERATE_SWIFT_ASSET_SYMBOL_EXTENSIONS = YES;
				CLANG_ANALYZER_NONNULL = YES;
				CLANG_ANALYZER_NUMBER_OBJECT_CONVERSION = YES_AGGRESSIVE;
				CLANG_CXX_LANGUAGE_STANDARD = "gnu++20";
				CLANG_ENABLE_MODULES = YES;
				CLANG_ENABLE_OBJC_ARC = YES;
				CLANG_ENABLE_OBJC_WEAK = YES;
				CLANG_WARN_BLOCK_CAPTURE_AUTORELEASING = YES;
				CLANG_WARN_BOOL_CONVERSION = YES;
				CLANG_WARN_COMMA = YES;
				CLANG_WARN_CONSTANT_CONVERSION = YES;
				CLANG_WARN_DEPRECATED_OBJC_IMPLEMENTATIONS = YES;
				CLANG_WARN_DIRECT_OBJC_ISA_USAGE = YES_ERROR;
				CLANG_WARN_DOCUMENTATION_COMMENTS = YES;
				CLANG_WARN_EMPTY_BODY = YES;
				CLANG_WARN_ENUM_CONVERSION = YES;
				CLANG_WARN_INFINITE_RECURSION = YES;
				CLANG_WARN_INT_CONVERSION = YES;
				CLANG_WARN_NON_LITERAL_NULL_CONVERSION = YES;
				CLANG_WARN_OBJC_IMPLICIT_RETAIN_SELF = YES;
				CLANG_WARN_OBJC_LITERAL_CONVERSION = YES;
				CLANG_WARN_OBJC_ROOT_CLASS = YES_ERROR;
				CLANG_WARN_QUOTED_INCLUDE_IN_FRAMEWORK_HEADER = YES;
				CLANG_WARN_RANGE_LOOP_ANALYSIS = YES;
				CLANG_WARN_STRICT_PROTOTYPES = YES;
				CLANG_WARN_SUSPICIOUS_MOVE = YES;
				CLANG_WARN_UNGUARDED_AVAILABILITY = YES_AGGRESSIVE;
				CLANG_WARN_UNREACHABLE_CODE = YES;
				CLANG_WARN__DUPLICATE_METHOD_MATCH = YES;
				COPY_PHASE_STRIP = NO;
				DEBUG_INFORMATION_FORMAT = "dwarf-with-dsym";
				ENABLE_NS_ASSERTIONS = NO;
				ENABLE_STRICT_OBJC_MSGSEND = YES;
				ENABLE_USER_SCRIPT_SANDBOXING = YES;
				GCC_C_LANGUAGE_STANDARD = gnu17;
				GCC_NO_COMMON_BLOCKS = YES;
				GCC_WARN_64_TO_32_BIT_CONVERSION = YES;
				GCC_WARN_ABOUT_RETURN_TYPE = YES_ERROR;
				GCC_WARN_UNDECLARED_SELECTOR = YES;
				GCC_WARN_UNINITIALIZED_AUTOS = YES_AGGRESSIVE;
				GCC_WARN_UNUSED_FUNCTION = YES;
				GCC_WARN_UNUSED_VARIABLE = YES;
				LOCALIZATION_PREFERS_STRING_CATALOGS = YES;
				MACOSX_DEPLOYMENT_TARGET = 15.0;
				MTL_ENABLE_DEBUG_INFO = NO;
				MTL_FAST_MATH = YES;
				SDKROOT = macosx;
				SWIFT_COMPILATION_MODE = wholemodule;
			};
			name = Release;
		};
		2BDDFE8E2D0733A500215564 /* Debug */ = {
			isa = XCBuildConfiguration;
			buildSettings = {
				ASSETCATALOG_COMPILER_APPICON_NAME = AppIcon;
				ASSETCATALOG_COMPILER_GLOBAL_ACCENT_COLOR_NAME = AccentColor;
				CODE_SIGN_ENTITLEMENTS = Shortcuts/Shortcuts.entitlements;
				CODE_SIGN_STYLE = Automatic;
				COMBINE_HIDPI_IMAGES = YES;
				CURRENT_PROJECT_VERSION = 1;
				DEVELOPMENT_ASSET_PATHS = "\"Shortcuts/Preview Content\"";
				DEVELOPMENT_TEAM = 447JW762KN;
				ENABLE_HARDENED_RUNTIME = YES;
				ENABLE_PREVIEWS = YES;
				GENERATE_INFOPLIST_FILE = YES;
				INFOPLIST_KEY_NSHumanReadableCopyright = "";
				LD_RUNPATH_SEARCH_PATHS = (
					"$(inherited)",
					"@executable_path/../Frameworks",
				);
				MARKETING_VERSION = 1.0;
				PRODUCT_BUNDLE_IDENTIFIER = edkdev.Shortcuts;
				PRODUCT_NAME = "$(TARGET_NAME)";
				SWIFT_EMIT_LOC_STRINGS = YES;
				SWIFT_VERSION = 5.0;
			};
			name = Debug;
		};
		2BDDFE8F2D0733A500215564 /* Release */ = {
			isa = XCBuildConfiguration;
			buildSettings = {
				ASSETCATALOG_COMPILER_APPICON_NAME = AppIcon;
				ASSETCATALOG_COMPILER_GLOBAL_ACCENT_COLOR_NAME = AccentColor;
				CODE_SIGN_ENTITLEMENTS = Shortcuts/Shortcuts.entitlements;
				CODE_SIGN_STYLE = Automatic;
				COMBINE_HIDPI_IMAGES = YES;
				CURRENT_PROJECT_VERSION = 1;
				DEVELOPMENT_ASSET_PATHS = "\"Shortcuts/Preview Content\"";
				DEVELOPMENT_TEAM = 447JW762KN;
				ENABLE_HARDENED_RUNTIME = YES;
				ENABLE_PREVIEWS = YES;
				GENERATE_INFOPLIST_FILE = YES;
				INFOPLIST_KEY_NSHumanReadableCopyright = "";
				LD_RUNPATH_SEARCH_PATHS = (
					"$(inherited)",
					"@executable_path/../Frameworks",
				);
				MARKETING_VERSION = 1.0;
				PRODUCT_BUNDLE_IDENTIFIER = edkdev.Shortcuts;
				PRODUCT_NAME = "$(TARGET_NAME)";
				SWIFT_EMIT_LOC_STRINGS = YES;
				SWIFT_VERSION = 5.0;
			};
			name = Release;
		};
		2BDDFEAA2D0733B900215564 /* Debug */ = {
			isa = XCBuildConfiguration;
			buildSettings = {
				ASSETCATALOG_COMPILER_GLOBAL_ACCENT_COLOR_NAME = AccentColor;
				ASSETCATALOG_COMPILER_WIDGET_BACKGROUND_COLOR_NAME = WidgetBackground;
				CODE_SIGN_ENTITLEMENTS = ShortcutsWidget/ShortcutsWidget.entitlements;
				CODE_SIGN_STYLE = Automatic;
				CURRENT_PROJECT_VERSION = 1;
				DEVELOPMENT_TEAM = 447JW762KN;
				ENABLE_HARDENED_RUNTIME = YES;
				GENERATE_INFOPLIST_FILE = YES;
				INFOPLIST_FILE = ShortcutsWidget/Info.plist;
				INFOPLIST_KEY_CFBundleDisplayName = ShortcutsWidget;
				INFOPLIST_KEY_NSHumanReadableCopyright = "";
				LD_RUNPATH_SEARCH_PATHS = (
					"$(inherited)",
					"@executable_path/../Frameworks",
					"@executable_path/../../../../Frameworks",
				);
				MACOSX_DEPLOYMENT_TARGET = 14.0;
				MARKETING_VERSION = 1.0;
				PRODUCT_BUNDLE_IDENTIFIER = edkdev.Shortcuts.ShortcutsWidget;
				PRODUCT_NAME = "$(TARGET_NAME)";
				SKIP_INSTALL = YES;
				SWIFT_EMIT_LOC_STRINGS = YES;
				SWIFT_VERSION = 5.0;
			};
			name = Debug;
		};
		2BDDFEAB2D0733B900215564 /* Release */ = {
			isa = XCBuildConfiguration;
			buildSettings = {
				ASSETCATALOG_COMPILER_GLOBAL_ACCENT_COLOR_NAME = AccentColor;
				ASSETCATALOG_COMPILER_WIDGET_BACKGROUND_COLOR_NAME = WidgetBackground;
				CODE_SIGN_ENTITLEMENTS = ShortcutsWidget/ShortcutsWidget.entitlements;
				CODE_SIGN_STYLE = Automatic;
				CURRENT_PROJECT_VERSION = 1;
				DEVELOPMENT_TEAM = 447JW762KN;
				ENABLE_HARDENED_RUNTIME = YES;
				GENERATE_INFOPLIST_FILE = YES;
				INFOPLIST_FILE = ShortcutsWidget/Info.plist;
				INFOPLIST_KEY_CFBundleDisplayName = ShortcutsWidget;
				INFOPLIST_KEY_NSHumanReadableCopyright = "";
				LD_RUNPATH_SEARCH_PATHS = (
					"$(inherited)",
					"@executable_path/../Frameworks",
					"@executable_path/../../../../Frameworks",
				);
				MACOSX_DEPLOYMENT_TARGET = 14.0;
				MARKETING_VERSION = 1.0;
				PRODUCT_BUNDLE_IDENTIFIER = edkdev.Shortcuts.ShortcutsWidget;
				PRODUCT_NAME = "$(TARGET_NAME)";
				SKIP_INSTALL = YES;
				SWIFT_EMIT_LOC_STRINGS = YES;
				SWIFT_VERSION = 5.0;
			};
			name = Release;
		};
/* End XCBuildConfiguration section */

/* Begin XCConfigurationList section */
		2BDDFE792D0733A400215564 /* Build configuration list for PBXProject "Shortcuts" */ = {
			isa = XCConfigurationList;
			buildConfigurations = (
				2BDDFE8B2D0733A500215564 /* Debug */,
				2BDDFE8C2D0733A500215564 /* Release */,
			);
			defaultConfigurationIsVisible = 0;
			defaultConfigurationName = Release;
		};
		2BDDFE8D2D0733A500215564 /* Build configuration list for PBXNativeTarget "Shortcuts" */ = {
			isa = XCConfigurationList;
			buildConfigurations = (
				2BDDFE8E2D0733A500215564 /* Debug */,
				2BDDFE8F2D0733A500215564 /* Release */,
			);
			defaultConfigurationIsVisible = 0;
			defaultConfigurationName = Release;
		};
		2BDDFEA92D0733B900215564 /* Build configuration list for PBXNativeTarget "ShortcutsWidgetExtension" */ = {
			isa = XCConfigurationList;
			buildConfigurations = (
				2BDDFEAA2D0733B900215564 /* Debug */,
				2BDDFEAB2D0733B900215564 /* Release */,
			);
			defaultConfigurationIsVisible = 0;
			defaultConfigurationName = Release;
		};
/* End XCConfigurationList section */
	};
	rootObject = 2BDDFE762D0733A400215564 /* Project object */;
}
